PODS:
  - Alamofire (5.8.0)
  - SwiftLint (0.52.4)

DEPENDENCIES:
  - Alamofire
  - SwiftLint

SPEC REPOS:
  trunk:
    - Alamofire
    - SwiftLint

SPEC CHECKSUMS:
  Alamofire: 0e92e751b3e9e66d7982db43919d01f313b8eb91
  SwiftLint: 1cc5cd61ba9bacb2194e340aeb47a2a37fda00b3

PODFILE CHECKSUM: 66ed96a0c9652954f5c3959b8e82e4905e012589

COCOAPODS: 1.12.1
